// !$*UTF8*$!
{
	archiveVersion = 1;
	classes = {
	};
	objectVersion = 56;
	objects = {

/* Begin PBXBuildFile section */
		F401ACF12A6E884B00AF75D4 /* MCCoordinator in Frameworks */ = {isa = PBXBuildFile; productRef = F401ACF02A6E884B00AF75D4 /* MCCoordinator */; };
		F401ACF32A6E8FC000AF75D4 /* MainCoordinator.swift in Sources */ = {isa = PBXBuildFile; fileRef = F401ACF22A6E8FC000AF75D4 /* MainCoordinator.swift */; };
		F41E3A7D2A6E6EF30086CF6C /* MyCalcApp.swift in Sources */ = {isa = PBXBuildFile; fileRef = F41E3A7C2A6E6EF30086CF6C /* MyCalcApp.swift */; };
		F41E3A812A6E6EF40086CF6C /* Assets.xcassets in Resources */ = {isa = PBXBuildFile; fileRef = F41E3A802A6E6EF40086CF6C /* Assets.xcassets */; };
		F41E3A842A6E6EF40086CF6C /* Preview Assets.xcassets in Resources */ = {isa = PBXBuildFile; fileRef = F41E3A832A6E6EF40086CF6C /* Preview Assets.xcassets */; };
		F41E3A8E2A6E6EF40086CF6C /* MyCalcTests.swift in Sources */ = {isa = PBXBuildFile; fileRef = F41E3A8D2A6E6EF40086CF6C /* MyCalcTests.swift */; };
		F41E3A982A6E6EF40086CF6C /* MyCalcUITests.swift in Sources */ = {isa = PBXBuildFile; fileRef = F41E3A972A6E6EF40086CF6C /* MyCalcUITests.swift */; };
		F41E3A9A2A6E6EF40086CF6C /* MyCalcUITestsLaunchTests.swift in Sources */ = {isa = PBXBuildFile; fileRef = F41E3A992A6E6EF40086CF6C /* MyCalcUITestsLaunchTests.swift */; };
		F420CEF02A6EC4D200BA08CF /* ServiceLocator.swift in Sources */ = {isa = PBXBuildFile; fileRef = F420CEEF2A6EC4D200BA08CF /* ServiceLocator.swift */; };
		F448A24C2A6ED01E009D668F /* Environment in Frameworks */ = {isa = PBXBuildFile; productRef = F448A24B2A6ED01E009D668F /* Environment */; };
		F463EAF12A6EA4FD0027729D /* MCSharedUI in Frameworks */ = {isa = PBXBuildFile; productRef = F463EAF02A6EA4FD0027729D /* MCSharedUI */; };
		F46CEA312A7286530019B240 /* README.md in Resources */ = {isa = PBXBuildFile; fileRef = F46CEA302A7286530019B240 /* README.md */; };
		F487E6872A6E7C240078E659 /* MCSettings in Frameworks */ = {isa = PBXBuildFile; productRef = F487E6862A6E7C240078E659 /* MCSettings */; };
		F487E6892A6E7C280078E659 /* MCCalculator in Frameworks */ = {isa = PBXBuildFile; productRef = F487E6882A6E7C280078E659 /* MCCalculator */; };
		F4E7932C2A6EA403005F4C00 /* TabView.swift in Sources */ = {isa = PBXBuildFile; fileRef = F4E7932B2A6EA403005F4C00 /* TabView.swift */; };
		F4FAE42C2A6E7B3900CB4770 /* Networking in Frameworks */ = {isa = PBXBuildFile; productRef = F4FAE42B2A6E7B3900CB4770 /* Networking */; };
/* End PBXBuildFile section */

/* Begin PBXContainerItemProxy section */
		F41E3A8A2A6E6EF40086CF6C /* PBXContainerItemProxy */ = {
			isa = PBXContainerItemProxy;
			containerPortal = F41E3A712A6E6EF30086CF6C /* Project object */;
			proxyType = 1;
			remoteGlobalIDString = F41E3A782A6E6EF30086CF6C;
			remoteInfo = MyCalc;
		};
		F41E3A942A6E6EF40086CF6C /* PBXContainerItemProxy */ = {
			isa = PBXContainerItemProxy;
			containerPortal = F41E3A712A6E6EF30086CF6C /* Project object */;
			proxyType = 1;
			remoteGlobalIDString = F41E3A782A6E6EF30086CF6C;
			remoteInfo = MyCalc;
		};
/* End PBXContainerItemProxy section */

/* Begin PBXFileReference section */
		F401ACF22A6E8FC000AF75D4 /* MainCoordinator.swift */ = {isa = PBXFileReference; lastKnownFileType = sourcecode.swift; path = MainCoordinator.swift; sourceTree = "<group>"; };
		F41E3A792A6E6EF30086CF6C /* MyCalc.app */ = {isa = PBXFileReference; explicitFileType = wrapper.application; includeInIndex = 0; path = MyCalc.app; sourceTree = BUILT_PRODUCTS_DIR; };
		F41E3A7C2A6E6EF30086CF6C /* MyCalcApp.swift */ = {isa = PBXFileReference; lastKnownFileType = sourcecode.swift; path = MyCalcApp.swift; sourceTree = "<group>"; };
		F41E3A802A6E6EF40086CF6C /* Assets.xcassets */ = {isa = PBXFileReference; lastKnownFileType = folder.assetcatalog; path = Assets.xcassets; sourceTree = "<group>"; };
		F41E3A832A6E6EF40086CF6C /* Preview Assets.xcassets */ = {isa = PBXFileReference; lastKnownFileType = folder.assetcatalog; path = "Preview Assets.xcassets"; sourceTree = "<group>"; };
		F41E3A892A6E6EF40086CF6C /* MyCalcTests.xctest */ = {isa = PBXFileReference; explicitFileType = wrapper.cfbundle; includeInIndex = 0; path = MyCalcTests.xctest; sourceTree = BUILT_PRODUCTS_DIR; };
		F41E3A8D2A6E6EF40086CF6C /* MyCalcTests.swift */ = {isa = PBXFileReference; lastKnownFileType = sourcecode.swift; path = MyCalcTests.swift; sourceTree = "<group>"; };
		F41E3A932A6E6EF40086CF6C /* MyCalcUITests.xctest */ = {isa = PBXFileReference; explicitFileType = wrapper.cfbundle; includeInIndex = 0; path = MyCalcUITests.xctest; sourceTree = BUILT_PRODUCTS_DIR; };
		F41E3A972A6E6EF40086CF6C /* MyCalcUITests.swift */ = {isa = PBXFileReference; lastKnownFileType = sourcecode.swift; path = MyCalcUITests.swift; sourceTree = "<group>"; };
		F41E3A992A6E6EF40086CF6C /* MyCalcUITestsLaunchTests.swift */ = {isa = PBXFileReference; lastKnownFileType = sourcecode.swift; path = MyCalcUITestsLaunchTests.swift; sourceTree = "<group>"; };
		F420CEEF2A6EC4D200BA08CF /* ServiceLocator.swift */ = {isa = PBXFileReference; lastKnownFileType = sourcecode.swift; path = ServiceLocator.swift; sourceTree = "<group>"; };
		F44E7D2B2A6E7B1500B0BB72 /* Networking */ = {isa = PBXFileReference; lastKnownFileType = wrapper; name = Networking; path = MyCalc/Packages/Networking; sourceTree = "<group>"; };
		F46106862A6E875B000214C2 /* MCCoordinator */ = {isa = PBXFileReference; lastKnownFileType = wrapper; name = MCCoordinator; path = MyCalc/Packages/MCCoordinator; sourceTree = "<group>"; };
		F46CEA302A7286530019B240 /* README.md */ = {isa = PBXFileReference; fileEncoding = 4; lastKnownFileType = net.daringfireball.markdown; name = README.md; path = ../README.md; sourceTree = "<group>"; };
		F48202D52A6ECFE800921E80 /* Environment */ = {isa = PBXFileReference; lastKnownFileType = wrapper; name = Environment; path = MyCalc/Packages/Environment; sourceTree = "<group>"; };
		F48D76BD2A6E9D9100A1FF0E /* MCSharedUI */ = {isa = PBXFileReference; lastKnownFileType = wrapper; name = MCSharedUI; path = MyCalc/Packages/MCSharedUI; sourceTree = "<group>"; };
		F4E7932B2A6EA403005F4C00 /* TabView.swift */ = {isa = PBXFileReference; lastKnownFileType = sourcecode.swift; path = TabView.swift; sourceTree = "<group>"; };
		F4FAE42D2A6E7B9A00CB4770 /* MCSettings */ = {isa = PBXFileReference; lastKnownFileType = wrapper; name = MCSettings; path = MyCalc/Packages/Features/MCSettings; sourceTree = "<group>"; };
		F4FAE42E2A6E7BF900CB4770 /* MCCalculator */ = {isa = PBXFileReference; lastKnownFileType = wrapper; name = MCCalculator; path = MyCalc/Packages/Features/MCCalculator; sourceTree = "<group>"; };
/* End PBXFileReference section */

/* Begin PBXFrameworksBuildPhase section */
		F41E3A762A6E6EF30086CF6C /* Frameworks */ = {
			isa = PBXFrameworksBuildPhase;
			buildActionMask = 2147483647;
			files = (
				F4FAE42C2A6E7B3900CB4770 /* Networking in Frameworks */,
				F401ACF12A6E884B00AF75D4 /* MCCoordinator in Frameworks */,
				F463EAF12A6EA4FD0027729D /* MCSharedUI in Frameworks */,
				F487E6892A6E7C280078E659 /* MCCalculator in Frameworks */,
				F448A24C2A6ED01E009D668F /* Environment in Frameworks */,
				F487E6872A6E7C240078E659 /* MCSettings in Frameworks */,
			);
			runOnlyForDeploymentPostprocessing = 0;
		};
		F41E3A862A6E6EF40086CF6C /* Frameworks */ = {
			isa = PBXFrameworksBuildPhase;
			buildActionMask = 2147483647;
			files = (
			);
			runOnlyForDeploymentPostprocessing = 0;
		};
		F41E3A902A6E6EF40086CF6C /* Frameworks */ = {
			isa = PBXFrameworksBuildPhase;
			buildActionMask = 2147483647;
			files = (
			);
			runOnlyForDeploymentPostprocessing = 0;
		};
/* End PBXFrameworksBuildPhase section */

/* Begin PBXGroup section */
		F41E3A702A6E6EF30086CF6C = {
			isa = PBXGroup;
			children = (
				F46CEA302A7286530019B240 /* README.md */,
				F460C60D2A6E78B000849D91 /* Packages */,
				F41E3A7B2A6E6EF30086CF6C /* MyCalc */,
				F41E3A8C2A6E6EF40086CF6C /* MyCalcTests */,
				F41E3A962A6E6EF40086CF6C /* MyCalcUITests */,
				F41E3A7A2A6E6EF30086CF6C /* Products */,
				F4DF8DB02A6E76CE00A71659 /* Frameworks */,
			);
			sourceTree = "<group>";
		};
		F41E3A7A2A6E6EF30086CF6C /* Products */ = {
			isa = PBXGroup;
			children = (
				F41E3A792A6E6EF30086CF6C /* MyCalc.app */,
				F41E3A892A6E6EF40086CF6C /* MyCalcTests.xctest */,
				F41E3A932A6E6EF40086CF6C /* MyCalcUITests.xctest */,
			);
			name = Products;
			sourceTree = "<group>";
		};
		F41E3A7B2A6E6EF30086CF6C /* MyCalc */ = {
			isa = PBXGroup;
			children = (
				F4FC77FD2A6F218200AE657D /* Services */,
				F41E3A7C2A6E6EF30086CF6C /* MyCalcApp.swift */,
				F41E3A802A6E6EF40086CF6C /* Assets.xcassets */,
				F41E3A822A6E6EF40086CF6C /* Preview Content */,
				F4E7932B2A6EA403005F4C00 /* TabView.swift */,
			);
			path = MyCalc;
			sourceTree = "<group>";
		};
		F41E3A822A6E6EF40086CF6C /* Preview Content */ = {
			isa = PBXGroup;
			children = (
				F41E3A832A6E6EF40086CF6C /* Preview Assets.xcassets */,
			);
			path = "Preview Content";
			sourceTree = "<group>";
		};
		F41E3A8C2A6E6EF40086CF6C /* MyCalcTests */ = {
			isa = PBXGroup;
			children = (
				F41E3A8D2A6E6EF40086CF6C /* MyCalcTests.swift */,
			);
			path = MyCalcTests;
			sourceTree = "<group>";
		};
		F41E3A962A6E6EF40086CF6C /* MyCalcUITests */ = {
			isa = PBXGroup;
			children = (
				F41E3A972A6E6EF40086CF6C /* MyCalcUITests.swift */,
				F41E3A992A6E6EF40086CF6C /* MyCalcUITestsLaunchTests.swift */,
			);
			path = MyCalcUITests;
			sourceTree = "<group>";
		};
		F460C60D2A6E78B000849D91 /* Packages */ = {
			isa = PBXGroup;
			children = (
				F44E7D2B2A6E7B1500B0BB72 /* Networking */,
				F4FAE42D2A6E7B9A00CB4770 /* MCSettings */,
				F4FAE42E2A6E7BF900CB4770 /* MCCalculator */,
				F46106862A6E875B000214C2 /* MCCoordinator */,
				F48D76BD2A6E9D9100A1FF0E /* MCSharedUI */,
				F48202D52A6ECFE800921E80 /* Environment */,
			);
			name = Packages;
			sourceTree = "<group>";
		};
		F4DF8DB02A6E76CE00A71659 /* Frameworks */ = {
			isa = PBXGroup;
			children = (
			);
			name = Frameworks;
			sourceTree = "<group>";
		};
		F4FC77FD2A6F218200AE657D /* Services */ = {
			isa = PBXGroup;
			children = (
				F401ACF22A6E8FC000AF75D4 /* MainCoordinator.swift */,
				F420CEEF2A6EC4D200BA08CF /* ServiceLocator.swift */,
			);
			path = Services;
			sourceTree = "<group>";
		};
/* End PBXGroup section */

/* Begin PBXNativeTarget section */
		F41E3A782A6E6EF30086CF6C /* MyCalc */ = {
			isa = PBXNativeTarget;
			buildConfigurationList = F41E3A9D2A6E6EF40086CF6C /* Build configuration list for PBXNativeTarget "MyCalc" */;
			buildPhases = (
				F41E3A752A6E6EF30086CF6C /* Sources */,
				F41E3A762A6E6EF30086CF6C /* Frameworks */,
				F41E3A772A6E6EF30086CF6C /* Resources */,
			);
			buildRules = (
			);
			dependencies = (
			);
			name = MyCalc;
			packageProductDependencies = (
				F4FAE42B2A6E7B3900CB4770 /* Networking */,
				F487E6862A6E7C240078E659 /* MCSettings */,
				F487E6882A6E7C280078E659 /* MCCalculator */,
				F401ACF02A6E884B00AF75D4 /* MCCoordinator */,
				F463EAF02A6EA4FD0027729D /* MCSharedUI */,
				F448A24B2A6ED01E009D668F /* Environment */,
			);
			productName = MyCalc;
			productReference = F41E3A792A6E6EF30086CF6C /* MyCalc.app */;
			productType = "com.apple.product-type.application";
		};
		F41E3A882A6E6EF40086CF6C /* MyCalcTests */ = {
			isa = PBXNativeTarget;
			buildConfigurationList = F41E3AA02A6E6EF40086CF6C /* Build configuration list for PBXNativeTarget "MyCalcTests" */;
			buildPhases = (
				F41E3A852A6E6EF40086CF6C /* Sources */,
				F41E3A862A6E6EF40086CF6C /* Frameworks */,
				F41E3A872A6E6EF40086CF6C /* Resources */,
			);
			buildRules = (
			);
			dependencies = (
				F41E3A8B2A6E6EF40086CF6C /* PBXTargetDependency */,
			);
			name = MyCalcTests;
			productName = MyCalcTests;
			productReference = F41E3A892A6E6EF40086CF6C /* MyCalcTests.xctest */;
			productType = "com.apple.product-type.bundle.unit-test";
		};
		F41E3A922A6E6EF40086CF6C /* MyCalcUITests */ = {
			isa = PBXNativeTarget;
			buildConfigurationList = F41E3AA32A6E6EF40086CF6C /* Build configuration list for PBXNativeTarget "MyCalcUITests" */;
			buildPhases = (
				F41E3A8F2A6E6EF40086CF6C /* Sources */,
				F41E3A902A6E6EF40086CF6C /* Frameworks */,
				F41E3A912A6E6EF40086CF6C /* Resources */,
			);
			buildRules = (
			);
			dependencies = (
				F41E3A952A6E6EF40086CF6C /* PBXTargetDependency */,
			);
			name = MyCalcUITests;
			productName = MyCalcUITests;
			productReference = F41E3A932A6E6EF40086CF6C /* MyCalcUITests.xctest */;
			productType = "com.apple.product-type.bundle.ui-testing";
		};
/* End PBXNativeTarget section */

/* Begin PBXProject section */
		F41E3A712A6E6EF30086CF6C /* Project object */ = {
			isa = PBXProject;
			attributes = {
				BuildIndependentTargetsInParallel = 1;
				LastSwiftUpdateCheck = 1430;
				LastUpgradeCheck = 1430;
				TargetAttributes = {
					F41E3A782A6E6EF30086CF6C = {
						CreatedOnToolsVersion = 14.3.1;
					};
					F41E3A882A6E6EF40086CF6C = {
						CreatedOnToolsVersion = 14.3.1;
						TestTargetID = F41E3A782A6E6EF30086CF6C;
					};
					F41E3A922A6E6EF40086CF6C = {
						CreatedOnToolsVersion = 14.3.1;
						TestTargetID = F41E3A782A6E6EF30086CF6C;
					};
				};
			};
			buildConfigurationList = F41E3A742A6E6EF30086CF6C /* Build configuration list for PBXProject "MyCalc" */;
			compatibilityVersion = "Xcode 14.0";
			developmentRegion = en;
			hasScannedForEncodings = 0;
			knownRegions = (
				en,
				Base,
			);
			mainGroup = F41E3A702A6E6EF30086CF6C;
			productRefGroup = F41E3A7A2A6E6EF30086CF6C /* Products */;
			projectDirPath = "";
			projectRoot = "";
			targets = (
				F41E3A782A6E6EF30086CF6C /* MyCalc */,
				F41E3A882A6E6EF40086CF6C /* MyCalcTests */,
				F41E3A922A6E6EF40086CF6C /* MyCalcUITests */,
			);
		};
/* End PBXProject section */

/* Begin PBXResourcesBuildPhase section */
		F41E3A772A6E6EF30086CF6C /* Resources */ = {
			isa = PBXResourcesBuildPhase;
			buildActionMask = 2147483647;
			files = (
				F46CEA312A7286530019B240 /* README.md in Resources */,
				F41E3A842A6E6EF40086CF6C /* Preview Assets.xcassets in Resources */,
				F41E3A812A6E6EF40086CF6C /* Assets.xcassets in Resources */,
			);
			runOnlyForDeploymentPostprocessing = 0;
		};
		F41E3A872A6E6EF40086CF6C /* Resources */ = {
			isa = PBXResourcesBuildPhase;
			buildActionMask = 2147483647;
			files = (
			);
			runOnlyForDeploymentPostprocessing = 0;
		};
		F41E3A912A6E6EF40086CF6C /* Resources */ = {
			isa = PBXResourcesBuildPhase;
			buildActionMask = 2147483647;
			files = (
			);
			runOnlyForDeploymentPostprocessing = 0;
		};
/* End PBXResourcesBuildPhase section */

/* Begin PBXSourcesBuildPhase section */
		F41E3A752A6E6EF30086CF6C /* Sources */ = {
			isa = PBXSourcesBuildPhase;
			buildActionMask = 2147483647;
			files = (
				F420CEF02A6EC4D200BA08CF /* ServiceLocator.swift in Sources */,
				F401ACF32A6E8FC000AF75D4 /* MainCoordinator.swift in Sources */,
				F4E7932C2A6EA403005F4C00 /* TabView.swift in Sources */,
				F41E3A7D2A6E6EF30086CF6C /* MyCalcApp.swift in Sources */,
			);
			runOnlyForDeploymentPostprocessing = 0;
		};
		F41E3A852A6E6EF40086CF6C /* Sources */ = {
			isa = PBXSourcesBuildPhase;
			buildActionMask = 2147483647;
			files = (
				F41E3A8E2A6E6EF40086CF6C /* MyCalcTests.swift in Sources */,
			);
			runOnlyForDeploymentPostprocessing = 0;
		};
		F41E3A8F2A6E6EF40086CF6C /* Sources */ = {
			isa = PBXSourcesBuildPhase;
			buildActionMask = 2147483647;
			files = (
				F41E3A982A6E6EF40086CF6C /* MyCalcUITests.swift in Sources */,
				F41E3A9A2A6E6EF40086CF6C /* MyCalcUITestsLaunchTests.swift in Sources */,
			);
			runOnlyForDeploymentPostprocessing = 0;
		};
/* End PBXSourcesBuildPhase section */

/* Begin PBXTargetDependency section */
		F41E3A8B2A6E6EF40086CF6C /* PBXTargetDependency */ = {
			isa = PBXTargetDependency;
			target = F41E3A782A6E6EF30086CF6C /* MyCalc */;
			targetProxy = F41E3A8A2A6E6EF40086CF6C /* PBXContainerItemProxy */;
		};
		F41E3A952A6E6EF40086CF6C /* PBXTargetDependency */ = {
			isa = PBXTargetDependency;
			target = F41E3A782A6E6EF30086CF6C /* MyCalc */;
			targetProxy = F41E3A942A6E6EF40086CF6C /* PBXContainerItemProxy */;
		};
/* End PBXTargetDependency section */

/* Begin XCBuildConfiguration section */
		F41E3A9B2A6E6EF40086CF6C /* Debug Dev */ = {
			isa = XCBuildConfiguration;
			buildSettings = {
				ALWAYS_SEARCH_USER_PATHS = NO;
				CLANG_ANALYZER_NONNULL = YES;
				CLANG_ANALYZER_NUMBER_OBJECT_CONVERSION = YES_AGGRESSIVE;
				CLANG_CXX_LANGUAGE_STANDARD = "gnu++20";
				CLANG_ENABLE_MODULES = YES;
				CLANG_ENABLE_OBJC_ARC = YES;
				CLANG_ENABLE_OBJC_WEAK = YES;
				CLANG_WARN_BLOCK_CAPTURE_AUTORELEASING = YES;
				CLANG_WARN_BOOL_CONVERSION = YES;
				CLANG_WARN_COMMA = YES;
				CLANG_WARN_CONSTANT_CONVERSION = YES;
				CLANG_WARN_DEPRECATED_OBJC_IMPLEMENTATIONS = YES;
				CLANG_WARN_DIRECT_OBJC_ISA_USAGE = YES_ERROR;
				CLANG_WARN_DOCUMENTATION_COMMENTS = YES;
				CLANG_WARN_EMPTY_BODY = YES;
				CLANG_WARN_ENUM_CONVERSION = YES;
				CLANG_WARN_INFINITE_RECURSION = YES;
				CLANG_WARN_INT_CONVERSION = YES;
				CLANG_WARN_NON_LITERAL_NULL_CONVERSION = YES;
				CLANG_WARN_OBJC_IMPLICIT_RETAIN_SELF = YES;
				CLANG_WARN_OBJC_LITERAL_CONVERSION = YES;
				CLANG_WARN_OBJC_ROOT_CLASS = YES_ERROR;
				CLANG_WARN_QUOTED_INCLUDE_IN_FRAMEWORK_HEADER = YES;
				CLANG_WARN_RANGE_LOOP_ANALYSIS = YES;
				CLANG_WARN_STRICT_PROTOTYPES = YES;
				CLANG_WARN_SUSPICIOUS_MOVE = YES;
				CLANG_WARN_UNGUARDED_AVAILABILITY = YES_AGGRESSIVE;
				CLANG_WARN_UNREACHABLE_CODE = YES;
				CLANG_WARN__DUPLICATE_METHOD_MATCH = YES;
				COPY_PHASE_STRIP = NO;
				DEBUG_INFORMATION_FORMAT = dwarf;
				ENABLE_STRICT_OBJC_MSGSEND = YES;
				ENABLE_TESTABILITY = YES;
				GCC_C_LANGUAGE_STANDARD = gnu11;
				GCC_DYNAMIC_NO_PIC = NO;
				GCC_NO_COMMON_BLOCKS = YES;
				GCC_OPTIMIZATION_LEVEL = 0;
				GCC_PREPROCESSOR_DEFINITIONS = (
					"DEBUG=1",
					"$(inherited)",
				);
				GCC_WARN_64_TO_32_BIT_CONVERSION = YES;
				GCC_WARN_ABOUT_RETURN_TYPE = YES_ERROR;
				GCC_WARN_UNDECLARED_SELECTOR = YES;
				GCC_WARN_UNINITIALIZED_AUTOS = YES_AGGRESSIVE;
				GCC_WARN_UNUSED_FUNCTION = YES;
				GCC_WARN_UNUSED_VARIABLE = YES;
				IPHONEOS_DEPLOYMENT_TARGET = 15.0;
				MTL_ENABLE_DEBUG_INFO = INCLUDE_SOURCE;
				MTL_FAST_MATH = YES;
				MY_APP_NAME = "MyCalc Dev";
				ONLY_ACTIVE_ARCH = YES;
				SDKROOT = iphoneos;
				SWIFT_ACTIVE_COMPILATION_CONDITIONS = DEBUG;
				SWIFT_OPTIMIZATION_LEVEL = "-Onone";
			};
			name = "Debug Dev";
		};
		F41E3A9C2A6E6EF40086CF6C /* Release Dev */ = {
			isa = XCBuildConfiguration;
			buildSettings = {
				ALWAYS_SEARCH_USER_PATHS = NO;
				CLANG_ANALYZER_NONNULL = YES;
				CLANG_ANALYZER_NUMBER_OBJECT_CONVERSION = YES_AGGRESSIVE;
				CLANG_CXX_LANGUAGE_STANDARD = "gnu++20";
				CLANG_ENABLE_MODULES = YES;
				CLANG_ENABLE_OBJC_ARC = YES;
				CLANG_ENABLE_OBJC_WEAK = YES;
				CLANG_WARN_BLOCK_CAPTURE_AUTORELEASING = YES;
				CLANG_WARN_BOOL_CONVERSION = YES;
				CLANG_WARN_COMMA = YES;
				CLANG_WARN_CONSTANT_CONVERSION = YES;
				CLANG_WARN_DEPRECATED_OBJC_IMPLEMENTATIONS = YES;
				CLANG_WARN_DIRECT_OBJC_ISA_USAGE = YES_ERROR;
				CLANG_WARN_DOCUMENTATION_COMMENTS = YES;
				CLANG_WARN_EMPTY_BODY = YES;
				CLANG_WARN_ENUM_CONVERSION = YES;
				CLANG_WARN_INFINITE_RECURSION = YES;
				CLANG_WARN_INT_CONVERSION = YES;
				CLANG_WARN_NON_LITERAL_NULL_CONVERSION = YES;
				CLANG_WARN_OBJC_IMPLICIT_RETAIN_SELF = YES;
				CLANG_WARN_OBJC_LITERAL_CONVERSION = YES;
				CLANG_WARN_OBJC_ROOT_CLASS = YES_ERROR;
				CLANG_WARN_QUOTED_INCLUDE_IN_FRAMEWORK_HEADER = YES;
				CLANG_WARN_RANGE_LOOP_ANALYSIS = YES;
				CLANG_WARN_STRICT_PROTOTYPES = YES;
				CLANG_WARN_SUSPICIOUS_MOVE = YES;
				CLANG_WARN_UNGUARDED_AVAILABILITY = YES_AGGRESSIVE;
				CLANG_WARN_UNREACHABLE_CODE = YES;
				CLANG_WARN__DUPLICATE_METHOD_MATCH = YES;
				COPY_PHASE_STRIP = NO;
				DEBUG_INFORMATION_FORMAT = "dwarf-with-dsym";
				ENABLE_NS_ASSERTIONS = NO;
				ENABLE_STRICT_OBJC_MSGSEND = YES;
				GCC_C_LANGUAGE_STANDARD = gnu11;
				GCC_NO_COMMON_BLOCKS = YES;
				GCC_WARN_64_TO_32_BIT_CONVERSION = YES;
				GCC_WARN_ABOUT_RETURN_TYPE = YES_ERROR;
				GCC_WARN_UNDECLARED_SELECTOR = YES;
				GCC_WARN_UNINITIALIZED_AUTOS = YES_AGGRESSIVE;
				GCC_WARN_UNUSED_FUNCTION = YES;
				GCC_WARN_UNUSED_VARIABLE = YES;
				IPHONEOS_DEPLOYMENT_TARGET = 15.0;
				MTL_ENABLE_DEBUG_INFO = NO;
				MTL_FAST_MATH = YES;
				MY_APP_NAME = MyCalc;
				SDKROOT = iphoneos;
				SWIFT_COMPILATION_MODE = wholemodule;
				SWIFT_OPTIMIZATION_LEVEL = "-O";
				VALIDATE_PRODUCT = YES;
			};
			name = "Release Dev";
		};
		F41E3A9E2A6E6EF40086CF6C /* Debug Dev */ = {
			isa = XCBuildConfiguration;
			buildSettings = {
				ASSETCATALOG_COMPILER_APPICON_NAME = AppIcon;
				ASSETCATALOG_COMPILER_GLOBAL_ACCENT_COLOR_NAME = AccentColor;
				CODE_SIGN_STYLE = Manual;
				CURRENT_PROJECT_VERSION = 1;
				DEVELOPMENT_ASSET_PATHS = "\"MyCalc/Preview Content\"";
				DEVELOPMENT_TEAM = "";
				ENABLE_PREVIEWS = YES;
				GENERATE_INFOPLIST_FILE = YES;
				INFOPLIST_KEY_CFBundleDisplayName = "$(MY_APP_NAME)";
				INFOPLIST_KEY_UIApplicationSceneManifest_Generation = YES;
				INFOPLIST_KEY_UIApplicationSupportsIndirectInputEvents = YES;
				INFOPLIST_KEY_UILaunchScreen_Generation = YES;
				INFOPLIST_KEY_UISupportedInterfaceOrientations_iPad = "UIInterfaceOrientationPortrait UIInterfaceOrientationPortraitUpsideDown UIInterfaceOrientationLandscapeLeft UIInterfaceOrientationLandscapeRight";
				INFOPLIST_KEY_UISupportedInterfaceOrientations_iPhone = "UIInterfaceOrientationPortrait UIInterfaceOrientationLandscapeLeft UIInterfaceOrientationLandscapeRight";
				IPHONEOS_DEPLOYMENT_TARGET = 15.0;
				LD_RUNPATH_SEARCH_PATHS = (
					"$(inherited)",
					"@executable_path/Frameworks",
				);
				MARKETING_VERSION = 1.0;
				PRODUCT_BUNDLE_IDENTIFIER = com.mycalc.testApp.MyCalc.dev;
				PRODUCT_NAME = "$(TARGET_NAME)";
				PROVISIONING_PROFILE_SPECIFIER = "";
				SUPPORTED_PLATFORMS = "iphoneos iphonesimulator";
				SUPPORTS_MACCATALYST = NO;
				SUPPORTS_MAC_DESIGNED_FOR_IPHONE_IPAD = NO;
				SWIFT_EMIT_LOC_STRINGS = YES;
				SWIFT_VERSION = 5.0;
				TARGETED_DEVICE_FAMILY = "1,2";
			};
			name = "Debug Dev";
		};
		F41E3A9F2A6E6EF40086CF6C /* Release Dev */ = {
			isa = XCBuildConfiguration;
			buildSettings = {
				ASSETCATALOG_COMPILER_APPICON_NAME = AppIcon;
				ASSETCATALOG_COMPILER_GLOBAL_ACCENT_COLOR_NAME = AccentColor;
				CODE_SIGN_STYLE = Manual;
				CURRENT_PROJECT_VERSION = 1;
				DEVELOPMENT_ASSET_PATHS = "\"MyCalc/Preview Content\"";
				DEVELOPMENT_TEAM = "";
				ENABLE_PREVIEWS = YES;
				GCC_OPTIMIZATION_LEVEL = 0;
				GENERATE_INFOPLIST_FILE = YES;
				INFOPLIST_KEY_CFBundleDisplayName = "$(MY_APP_NAME)";
				INFOPLIST_KEY_UIApplicationSceneManifest_Generation = YES;
				INFOPLIST_KEY_UIApplicationSupportsIndirectInputEvents = YES;
				INFOPLIST_KEY_UILaunchScreen_Generation = YES;
				INFOPLIST_KEY_UISupportedInterfaceOrientations_iPad = "UIInterfaceOrientationPortrait UIInterfaceOrientationPortraitUpsideDown UIInterfaceOrientationLandscapeLeft UIInterfaceOrientationLandscapeRight";
				INFOPLIST_KEY_UISupportedInterfaceOrientations_iPhone = "UIInterfaceOrientationPortrait UIInterfaceOrientationLandscapeLeft UIInterfaceOrientationLandscapeRight";
				IPHONEOS_DEPLOYMENT_TARGET = 15.0;
				LD_RUNPATH_SEARCH_PATHS = (
					"$(inherited)",
					"@executable_path/Frameworks",
				);
				MARKETING_VERSION = 1.0;
				PRODUCT_BUNDLE_IDENTIFIER = com.mycalc.testApp.MyCalc;
				PRODUCT_NAME = "$(TARGET_NAME)";
				PROVISIONING_PROFILE_SPECIFIER = "";
				SUPPORTED_PLATFORMS = "iphoneos iphonesimulator";
				SUPPORTS_MACCATALYST = NO;
				SUPPORTS_MAC_DESIGNED_FOR_IPHONE_IPAD = NO;
				SWIFT_EMIT_LOC_STRINGS = YES;
				SWIFT_OPTIMIZATION_LEVEL = "-Onone";
				SWIFT_VERSION = 5.0;
				TARGETED_DEVICE_FAMILY = "1,2";
			};
			name = "Release Dev";
		};
		F41E3AA12A6E6EF40086CF6C /* Debug Dev */ = {
			isa = XCBuildConfiguration;
			buildSettings = {
				ALWAYS_EMBED_SWIFT_STANDARD_LIBRARIES = YES;
				BUNDLE_LOADER = "$(TEST_HOST)";
				CODE_SIGN_STYLE = Automatic;
				CURRENT_PROJECT_VERSION = 1;
				DEVELOPMENT_TEAM = 5GRA9Q59XL;
				GENERATE_INFOPLIST_FILE = YES;
				IPHONEOS_DEPLOYMENT_TARGET = 15.0;
				MARKETING_VERSION = 1.0;
				PRODUCT_BUNDLE_IDENTIFIER = com.mycalc.testApp.MyCalcTests;
				PRODUCT_NAME = "$(TARGET_NAME)";
				SWIFT_EMIT_LOC_STRINGS = NO;
				SWIFT_VERSION = 5.0;
				TARGETED_DEVICE_FAMILY = "1,2";
				TEST_HOST = "$(BUILT_PRODUCTS_DIR)/MyCalc.app/$(BUNDLE_EXECUTABLE_FOLDER_PATH)/MyCalc";
			};
			name = "Debug Dev";
		};
		F41E3AA22A6E6EF40086CF6C /* Release Dev */ = {
			isa = XCBuildConfiguration;
			buildSettings = {
				ALWAYS_EMBED_SWIFT_STANDARD_LIBRARIES = YES;
				BUNDLE_LOADER = "$(TEST_HOST)";
				CODE_SIGN_STYLE = Automatic;
				CURRENT_PROJECT_VERSION = 1;
				DEVELOPMENT_TEAM = 5GRA9Q59XL;
				GENERATE_INFOPLIST_FILE = YES;
				IPHONEOS_DEPLOYMENT_TARGET = 15.0;
				MARKETING_VERSION = 1.0;
				PRODUCT_BUNDLE_IDENTIFIER = com.mycalc.testApp.MyCalcTests;
				PRODUCT_NAME = "$(TARGET_NAME)";
				SWIFT_EMIT_LOC_STRINGS = NO;
				SWIFT_VERSION = 5.0;
				TARGETED_DEVICE_FAMILY = "1,2";
				TEST_HOST = "$(BUILT_PRODUCTS_DIR)/MyCalc.app/$(BUNDLE_EXECUTABLE_FOLDER_PATH)/MyCalc";
			};
			name = "Release Dev";
		};
		F41E3AA42A6E6EF40086CF6C /* Debug Dev */ = {
			isa = XCBuildConfiguration;
			buildSettings = {
				ALWAYS_EMBED_SWIFT_STANDARD_LIBRARIES = YES;
				CODE_SIGN_STYLE = Automatic;
				CURRENT_PROJECT_VERSION = 1;
				DEVELOPMENT_TEAM = 5GRA9Q59XL;
				GENERATE_INFOPLIST_FILE = YES;
				MARKETING_VERSION = 1.0;
				PRODUCT_BUNDLE_IDENTIFIER = com.mycalc.testApp.MyCalcUITests;
				PRODUCT_NAME = "$(TARGET_NAME)";
				SWIFT_EMIT_LOC_STRINGS = NO;
				SWIFT_VERSION = 5.0;
				TARGETED_DEVICE_FAMILY = "1,2";
				TEST_TARGET_NAME = MyCalc;
			};
			name = "Debug Dev";
		};
		F41E3AA52A6E6EF40086CF6C /* Release Dev */ = {
			isa = XCBuildConfiguration;
			buildSettings = {
				ALWAYS_EMBED_SWIFT_STANDARD_LIBRARIES = YES;
				CODE_SIGN_STYLE = Automatic;
				CURRENT_PROJECT_VERSION = 1;
				DEVELOPMENT_TEAM = 5GRA9Q59XL;
				GENERATE_INFOPLIST_FILE = YES;
				MARKETING_VERSION = 1.0;
				PRODUCT_BUNDLE_IDENTIFIER = com.mycalc.testApp.MyCalcUITests;
				PRODUCT_NAME = "$(TARGET_NAME)";
				SWIFT_EMIT_LOC_STRINGS = NO;
				SWIFT_VERSION = 5.0;
				TARGETED_DEVICE_FAMILY = "1,2";
				TEST_TARGET_NAME = MyCalc;
			};
			name = "Release Dev";
		};
		F41E3AA62A6E718E0086CF6C /* Debug Distr */ = {
			isa = XCBuildConfiguration;
			buildSettings = {
				ALWAYS_SEARCH_USER_PATHS = NO;
				CLANG_ANALYZER_NONNULL = YES;
				CLANG_ANALYZER_NUMBER_OBJECT_CONVERSION = YES_AGGRESSIVE;
				CLANG_CXX_LANGUAGE_STANDARD = "gnu++20";
				CLANG_ENABLE_MODULES = YES;
				CLANG_ENABLE_OBJC_ARC = YES;
				CLANG_ENABLE_OBJC_WEAK = YES;
				CLANG_WARN_BLOCK_CAPTURE_AUTORELEASING = YES;
				CLANG_WARN_BOOL_CONVERSION = YES;
				CLANG_WARN_COMMA = YES;
				CLANG_WARN_CONSTANT_CONVERSION = YES;
				CLANG_WARN_DEPRECATED_OBJC_IMPLEMENTATIONS = YES;
				CLANG_WARN_DIRECT_OBJC_ISA_USAGE = YES_ERROR;
				CLANG_WARN_DOCUMENTATION_COMMENTS = YES;
				CLANG_WARN_EMPTY_BODY = YES;
				CLANG_WARN_ENUM_CONVERSION = YES;
				CLANG_WARN_INFINITE_RECURSION = YES;
				CLANG_WARN_INT_CONVERSION = YES;
				CLANG_WARN_NON_LITERAL_NULL_CONVERSION = YES;
				CLANG_WARN_OBJC_IMPLICIT_RETAIN_SELF = YES;
				CLANG_WARN_OBJC_LITERAL_CONVERSION = YES;
				CLANG_WARN_OBJC_ROOT_CLASS = YES_ERROR;
				CLANG_WARN_QUOTED_INCLUDE_IN_FRAMEWORK_HEADER = YES;
				CLANG_WARN_RANGE_LOOP_ANALYSIS = YES;
				CLANG_WARN_STRICT_PROTOTYPES = YES;
				CLANG_WARN_SUSPICIOUS_MOVE = YES;
				CLANG_WARN_UNGUARDED_AVAILABILITY = YES_AGGRESSIVE;
				CLANG_WARN_UNREACHABLE_CODE = YES;
				CLANG_WARN__DUPLICATE_METHOD_MATCH = YES;
				COPY_PHASE_STRIP = NO;
				DEBUG_INFORMATION_FORMAT = dwarf;
				ENABLE_STRICT_OBJC_MSGSEND = YES;
				ENABLE_TESTABILITY = YES;
				GCC_C_LANGUAGE_STANDARD = gnu11;
				GCC_DYNAMIC_NO_PIC = NO;
				GCC_NO_COMMON_BLOCKS = YES;
				GCC_OPTIMIZATION_LEVEL = 0;
				GCC_PREPROCESSOR_DEFINITIONS = (
					"DEBUG=1",
					"$(inherited)",
				);
				GCC_WARN_64_TO_32_BIT_CONVERSION = YES;
				GCC_WARN_ABOUT_RETURN_TYPE = YES_ERROR;
				GCC_WARN_UNDECLARED_SELECTOR = YES;
				GCC_WARN_UNINITIALIZED_AUTOS = YES_AGGRESSIVE;
				GCC_WARN_UNUSED_FUNCTION = YES;
				GCC_WARN_UNUSED_VARIABLE = YES;
				IPHONEOS_DEPLOYMENT_TARGET = 15.0;
				MTL_ENABLE_DEBUG_INFO = INCLUDE_SOURCE;
				MTL_FAST_MATH = YES;
				MY_APP_NAME = "MyCalc Dev";
				ONLY_ACTIVE_ARCH = YES;
				SDKROOT = iphoneos;
				SWIFT_ACTIVE_COMPILATION_CONDITIONS = DEBUG;
				SWIFT_OPTIMIZATION_LEVEL = "-Onone";
			};
			name = "Debug Distr";
		};
		F41E3AA72A6E718E0086CF6C /* Debug Distr */ = {
			isa = XCBuildConfiguration;
			buildSettings = {
				ASSETCATALOG_COMPILER_APPICON_NAME = AppIcon;
				ASSETCATALOG_COMPILER_GLOBAL_ACCENT_COLOR_NAME = AccentColor;
				CODE_SIGN_STYLE = Manual;
				CURRENT_PROJECT_VERSION = 1;
				DEVELOPMENT_ASSET_PATHS = "\"MyCalc/Preview Content\"";
				DEVELOPMENT_TEAM = "";
				ENABLE_PREVIEWS = YES;
				GENERATE_INFOPLIST_FILE = YES;
				INFOPLIST_KEY_CFBundleDisplayName = "$(MY_APP_NAME)";
				INFOPLIST_KEY_UIApplicationSceneManifest_Generation = YES;
				INFOPLIST_KEY_UIApplicationSupportsIndirectInputEvents = YES;
				INFOPLIST_KEY_UILaunchScreen_Generation = YES;
				INFOPLIST_KEY_UISupportedInterfaceOrientations_iPad = "UIInterfaceOrientationPortrait UIInterfaceOrientationPortraitUpsideDown UIInterfaceOrientationLandscapeLeft UIInterfaceOrientationLandscapeRight";
				INFOPLIST_KEY_UISupportedInterfaceOrientations_iPhone = "UIInterfaceOrientationPortrait UIInterfaceOrientationLandscapeLeft UIInterfaceOrientationLandscapeRight";
				IPHONEOS_DEPLOYMENT_TARGET = 15.0;
				LD_RUNPATH_SEARCH_PATHS = (
					"$(inherited)",
					"@executable_path/Frameworks",
				);
				MARKETING_VERSION = 1.0;
				PRODUCT_BUNDLE_IDENTIFIER = com.mycalc.testApp.MyCalc.dev;
				PRODUCT_NAME = "$(TARGET_NAME)";
				PROVISIONING_PROFILE_SPECIFIER = "";
				SUPPORTED_PLATFORMS = "iphoneos iphonesimulator";
				SUPPORTS_MACCATALYST = NO;
				SUPPORTS_MAC_DESIGNED_FOR_IPHONE_IPAD = NO;
				SWIFT_EMIT_LOC_STRINGS = YES;
				SWIFT_VERSION = 5.0;
				TARGETED_DEVICE_FAMILY = "1,2";
			};
			name = "Debug Distr";
		};
		F41E3AA82A6E718E0086CF6C /* Debug Distr */ = {
			isa = XCBuildConfiguration;
			buildSettings = {
				ALWAYS_EMBED_SWIFT_STANDARD_LIBRARIES = YES;
				BUNDLE_LOADER = "$(TEST_HOST)";
				CODE_SIGN_STYLE = Automatic;
				CURRENT_PROJECT_VERSION = 1;
				DEVELOPMENT_TEAM = 5GRA9Q59XL;
				GENERATE_INFOPLIST_FILE = YES;
				IPHONEOS_DEPLOYMENT_TARGET = 15.0;
				MARKETING_VERSION = 1.0;
				PRODUCT_BUNDLE_IDENTIFIER = com.mycalc.testApp.MyCalcTests;
				PRODUCT_NAME = "$(TARGET_NAME)";
				SWIFT_EMIT_LOC_STRINGS = NO;
				SWIFT_VERSION = 5.0;
				TARGETED_DEVICE_FAMILY = "1,2";
				TEST_HOST = "$(BUILT_PRODUCTS_DIR)/MyCalc.app/$(BUNDLE_EXECUTABLE_FOLDER_PATH)/MyCalc";
			};
			name = "Debug Distr";
		};
		F41E3AA92A6E718E0086CF6C /* Debug Distr */ = {
			isa = XCBuildConfiguration;
			buildSettings = {
				ALWAYS_EMBED_SWIFT_STANDARD_LIBRARIES = YES;
				CODE_SIGN_STYLE = Automatic;
				CURRENT_PROJECT_VERSION = 1;
				DEVELOPMENT_TEAM = 5GRA9Q59XL;
				GENERATE_INFOPLIST_FILE = YES;
				MARKETING_VERSION = 1.0;
				PRODUCT_BUNDLE_IDENTIFIER = com.mycalc.testApp.MyCalcUITests;
				PRODUCT_NAME = "$(TARGET_NAME)";
				SWIFT_EMIT_LOC_STRINGS = NO;
				SWIFT_VERSION = 5.0;
				TARGETED_DEVICE_FAMILY = "1,2";
				TEST_TARGET_NAME = MyCalc;
			};
			name = "Debug Distr";
		};
		F41E3AAA2A6E71900086CF6C /* Release Distr */ = {
			isa = XCBuildConfiguration;
			buildSettings = {
				ALWAYS_SEARCH_USER_PATHS = NO;
				CLANG_ANALYZER_NONNULL = YES;
				CLANG_ANALYZER_NUMBER_OBJECT_CONVERSION = YES_AGGRESSIVE;
				CLANG_CXX_LANGUAGE_STANDARD = "gnu++20";
				CLANG_ENABLE_MODULES = YES;
				CLANG_ENABLE_OBJC_ARC = YES;
				CLANG_ENABLE_OBJC_WEAK = YES;
				CLANG_WARN_BLOCK_CAPTURE_AUTORELEASING = YES;
				CLANG_WARN_BOOL_CONVERSION = YES;
				CLANG_WARN_COMMA = YES;
				CLANG_WARN_CONSTANT_CONVERSION = YES;
				CLANG_WARN_DEPRECATED_OBJC_IMPLEMENTATIONS = YES;
				CLANG_WARN_DIRECT_OBJC_ISA_USAGE = YES_ERROR;
				CLANG_WARN_DOCUMENTATION_COMMENTS = YES;
				CLANG_WARN_EMPTY_BODY = YES;
				CLANG_WARN_ENUM_CONVERSION = YES;
				CLANG_WARN_INFINITE_RECURSION = YES;
				CLANG_WARN_INT_CONVERSION = YES;
				CLANG_WARN_NON_LITERAL_NULL_CONVERSION = YES;
				CLANG_WARN_OBJC_IMPLICIT_RETAIN_SELF = YES;
				CLANG_WARN_OBJC_LITERAL_CONVERSION = YES;
				CLANG_WARN_OBJC_ROOT_CLASS = YES_ERROR;
				CLANG_WARN_QUOTED_INCLUDE_IN_FRAMEWORK_HEADER = YES;
				CLANG_WARN_RANGE_LOOP_ANALYSIS = YES;
				CLANG_WARN_STRICT_PROTOTYPES = YES;
				CLANG_WARN_SUSPICIOUS_MOVE = YES;
				CLANG_WARN_UNGUARDED_AVAILABILITY = YES_AGGRESSIVE;
				CLANG_WARN_UNREACHABLE_CODE = YES;
				CLANG_WARN__DUPLICATE_METHOD_MATCH = YES;
				COPY_PHASE_STRIP = NO;
				DEBUG_INFORMATION_FORMAT = "dwarf-with-dsym";
				ENABLE_NS_ASSERTIONS = NO;
				ENABLE_STRICT_OBJC_MSGSEND = YES;
				GCC_C_LANGUAGE_STANDARD = gnu11;
				GCC_NO_COMMON_BLOCKS = YES;
				GCC_WARN_64_TO_32_BIT_CONVERSION = YES;
				GCC_WARN_ABOUT_RETURN_TYPE = YES_ERROR;
				GCC_WARN_UNDECLARED_SELECTOR = YES;
				GCC_WARN_UNINITIALIZED_AUTOS = YES_AGGRESSIVE;
				GCC_WARN_UNUSED_FUNCTION = YES;
				GCC_WARN_UNUSED_VARIABLE = YES;
				IPHONEOS_DEPLOYMENT_TARGET = 15.0;
				MTL_ENABLE_DEBUG_INFO = NO;
				MTL_FAST_MATH = YES;
				MY_APP_NAME = MyCalc;
				SDKROOT = iphoneos;
				SWIFT_COMPILATION_MODE = wholemodule;
				SWIFT_OPTIMIZATION_LEVEL = "-O";
				VALIDATE_PRODUCT = YES;
			};
			name = "Release Distr";
		};
		F41E3AAB2A6E71900086CF6C /* Release Distr */ = {
			isa = XCBuildConfiguration;
			buildSettings = {
				ASSETCATALOG_COMPILER_APPICON_NAME = AppIcon;
				ASSETCATALOG_COMPILER_GLOBAL_ACCENT_COLOR_NAME = AccentColor;
				CODE_SIGN_STYLE = Manual;
				CURRENT_PROJECT_VERSION = 1;
				DEVELOPMENT_ASSET_PATHS = "\"MyCalc/Preview Content\"";
				DEVELOPMENT_TEAM = "";
				ENABLE_PREVIEWS = YES;
				GENERATE_INFOPLIST_FILE = YES;
				INFOPLIST_KEY_CFBundleDisplayName = "$(MY_APP_NAME)";
				INFOPLIST_KEY_UIApplicationSceneManifest_Generation = YES;
				INFOPLIST_KEY_UIApplicationSupportsIndirectInputEvents = YES;
				INFOPLIST_KEY_UILaunchScreen_Generation = YES;
				INFOPLIST_KEY_UISupportedInterfaceOrientations_iPad = "UIInterfaceOrientationPortrait UIInterfaceOrientationPortraitUpsideDown UIInterfaceOrientationLandscapeLeft UIInterfaceOrientationLandscapeRight";
				INFOPLIST_KEY_UISupportedInterfaceOrientations_iPhone = "UIInterfaceOrientationPortrait UIInterfaceOrientationLandscapeLeft UIInterfaceOrientationLandscapeRight";
				IPHONEOS_DEPLOYMENT_TARGET = 15.0;
				LD_RUNPATH_SEARCH_PATHS = (
					"$(inherited)",
					"@executable_path/Frameworks",
				);
				MARKETING_VERSION = 1.0;
				PRODUCT_BUNDLE_IDENTIFIER = com.mycalc.testApp.MyCalc;
				PRODUCT_NAME = "$(TARGET_NAME)";
				PROVISIONING_PROFILE_SPECIFIER = "";
				SUPPORTED_PLATFORMS = "iphoneos iphonesimulator";
				SUPPORTS_MACCATALYST = NO;
				SUPPORTS_MAC_DESIGNED_FOR_IPHONE_IPAD = NO;
				SWIFT_EMIT_LOC_STRINGS = YES;
				SWIFT_VERSION = 5.0;
				TARGETED_DEVICE_FAMILY = "1,2";
			};
			name = "Release Distr";
		};
		F41E3AAC2A6E71900086CF6C /* Release Distr */ = {
			isa = XCBuildConfiguration;
			buildSettings = {
				ALWAYS_EMBED_SWIFT_STANDARD_LIBRARIES = YES;
				BUNDLE_LOADER = "$(TEST_HOST)";
				CODE_SIGN_STYLE = Automatic;
				CURRENT_PROJECT_VERSION = 1;
				DEVELOPMENT_TEAM = 5GRA9Q59XL;
				GENERATE_INFOPLIST_FILE = YES;
				IPHONEOS_DEPLOYMENT_TARGET = 15.0;
				MARKETING_VERSION = 1.0;
				PRODUCT_BUNDLE_IDENTIFIER = com.mycalc.testApp.MyCalcTests;
				PRODUCT_NAME = "$(TARGET_NAME)";
				SWIFT_EMIT_LOC_STRINGS = NO;
				SWIFT_VERSION = 5.0;
				TARGETED_DEVICE_FAMILY = "1,2";
				TEST_HOST = "$(BUILT_PRODUCTS_DIR)/MyCalc.app/$(BUNDLE_EXECUTABLE_FOLDER_PATH)/MyCalc";
			};
			name = "Release Distr";
		};
		F41E3AAD2A6E71900086CF6C /* Release Distr */ = {
			isa = XCBuildConfiguration;
			buildSettings = {
				ALWAYS_EMBED_SWIFT_STANDARD_LIBRARIES = YES;
				CODE_SIGN_STYLE = Automatic;
				CURRENT_PROJECT_VERSION = 1;
				DEVELOPMENT_TEAM = 5GRA9Q59XL;
				GENERATE_INFOPLIST_FILE = YES;
				MARKETING_VERSION = 1.0;
				PRODUCT_BUNDLE_IDENTIFIER = com.mycalc.testApp.MyCalcUITests;
				PRODUCT_NAME = "$(TARGET_NAME)";
				SWIFT_EMIT_LOC_STRINGS = NO;
				SWIFT_VERSION = 5.0;
				TARGETED_DEVICE_FAMILY = "1,2";
				TEST_TARGET_NAME = MyCalc;
			};
			name = "Release Distr";
		};
/* End XCBuildConfiguration section */

/* Begin XCConfigurationList section */
		F41E3A742A6E6EF30086CF6C /* Build configuration list for PBXProject "MyCalc" */ = {
			isa = XCConfigurationList;
			buildConfigurations = (
				F41E3A9B2A6E6EF40086CF6C /* Debug Dev */,
				F41E3AA62A6E718E0086CF6C /* Debug Distr */,
				F41E3A9C2A6E6EF40086CF6C /* Release Dev */,
				F41E3AAA2A6E71900086CF6C /* Release Distr */,
			);
			defaultConfigurationIsVisible = 0;
			defaultConfigurationName = "Release Dev";
		};
		F41E3A9D2A6E6EF40086CF6C /* Build configuration list for PBXNativeTarget "MyCalc" */ = {
			isa = XCConfigurationList;
			buildConfigurations = (
				F41E3A9E2A6E6EF40086CF6C /* Debug Dev */,
				F41E3AA72A6E718E0086CF6C /* Debug Distr */,
				F41E3A9F2A6E6EF40086CF6C /* Release Dev */,
				F41E3AAB2A6E71900086CF6C /* Release Distr */,
			);
			defaultConfigurationIsVisible = 0;
			defaultConfigurationName = "Release Dev";
		};
		F41E3AA02A6E6EF40086CF6C /* Build configuration list for PBXNativeTarget "MyCalcTests" */ = {
			isa = XCConfigurationList;
			buildConfigurations = (
				F41E3AA12A6E6EF40086CF6C /* Debug Dev */,
				F41E3AA82A6E718E0086CF6C /* Debug Distr */,
				F41E3AA22A6E6EF40086CF6C /* Release Dev */,
				F41E3AAC2A6E71900086CF6C /* Release Distr */,
			);
			defaultConfigurationIsVisible = 0;
			defaultConfigurationName = "Release Dev";
		};
		F41E3AA32A6E6EF40086CF6C /* Build configuration list for PBXNativeTarget "MyCalcUITests" */ = {
			isa = XCConfigurationList;
			buildConfigurations = (
				F41E3AA42A6E6EF40086CF6C /* Debug Dev */,
				F41E3AA92A6E718E0086CF6C /* Debug Distr */,
				F41E3AA52A6E6EF40086CF6C /* Release Dev */,
				F41E3AAD2A6E71900086CF6C /* Release Distr */,
			);
			defaultConfigurationIsVisible = 0;
			defaultConfigurationName = "Release Dev";
		};
/* End XCConfigurationList section */

/* Begin XCSwiftPackageProductDependency section */
		F401ACF02A6E884B00AF75D4 /* MCCoordinator */ = {
			isa = XCSwiftPackageProductDependency;
			productName = MCCoordinator;
		};
		F448A24B2A6ED01E009D668F /* Environment */ = {
			isa = XCSwiftPackageProductDependency;
			productName = Environment;
		};
		F463EAF02A6EA4FD0027729D /* MCSharedUI */ = {
			isa = XCSwiftPackageProductDependency;
			productName = MCSharedUI;
		};
		F487E6862A6E7C240078E659 /* MCSettings */ = {
			isa = XCSwiftPackageProductDependency;
			productName = MCSettings;
		};
		F487E6882A6E7C280078E659 /* MCCalculator */ = {
			isa = XCSwiftPackageProductDependency;
			productName = MCCalculator;
		};
		F4FAE42B2A6E7B3900CB4770 /* Networking */ = {
			isa = XCSwiftPackageProductDependency;
			productName = Networking;
		};
/* End XCSwiftPackageProductDependency section */
	};
	rootObject = F41E3A712A6E6EF30086CF6C /* Project object */;
}
